
Microsoft Visual Studio Solution File, Format Version 12.00
# Visual Studio Version 17
VisualStudioVersion = 17.11.35327.3
MinimumVisualStudioVersion = 10.0.40219.1
Project("{FAE04EC0-301F-11D3-BF4B-00C04F79EFBC}") = "Tofft-preprod", "Tofft-preprod\Tofft-preprod.csproj", "{71F30086-4216-4696-A337-AA6CDE1C3400}"
EndProject
Global
	GlobalSection(SolutionConfigurationPlatforms) = preSolution
		Debug|Any CPU = Debug|Any CPU
		Release|Any CPU = Release|Any CPU
	EndGlobalSection
	GlobalSection(ProjectConfigurationPlatforms) = postSolution
		{71F30086-4216-4696-A337-AA6CDE1C3400}.Debug|Any CPU.ActiveCfg = Debug|Any CPU
		{71F30086-4216-4696-A337-AA6CDE1C3400}.Debug|Any CPU.Build.0 = Debug|Any CPU
		{71F30086-4216-4696-A337-AA6CDE1C3400}.Release|Any CPU.ActiveCfg = Release|Any CPU
		{71F30086-4216-4696-A337-AA6CDE1C3400}.Release|Any CPU.Build.0 = Release|Any CPU
	EndGlobalSection
	GlobalSection(SolutionProperties) = preSolution
		HideSolutionNode = FALSE
	EndGlobalSection
	GlobalSection(ExtensibilityGlobals) = postSolution
		SolutionGuid = {25105174-86CD-4CE9-A932-4350272B246B}
	EndGlobalSection
EndGlobal
